
Microsoft Visual Studio Solution File, Format Version 12.00
# Visual Studio Version 16
VisualStudioVersion = 16.0.29102.190
MinimumVisualStudioVersion = 10.0.40219.1
Project("{FAE04EC0-301F-11D3-BF4B-00C04F79EFBC}") = "InterfaceDrill", "InterfaceDrill\InterfaceDrill.csproj", "{B84BEC5E-05B8-40CA-AADB-C7077C65FF81}"
EndProject
Global
	GlobalSection(SolutionConfigurationPlatforms) = preSolution
		Debug|Any CPU = Debug|Any CPU
		Release|Any CPU = Release|Any CPU
	EndGlobalSection
	GlobalSection(ProjectConfigurationPlatforms) = postSolution
		{B84BEC5E-05B8-40CA-AADB-C7077C65FF81}.Debug|Any CPU.ActiveCfg = Debug|Any CPU
		{B84BEC5E-05B8-40CA-AADB-C7077C65FF81}.Debug|Any CPU.Build.0 = Debug|Any CPU
		{B84BEC5E-05B8-40CA-AADB-C7077C65FF81}.Release|Any CPU.ActiveCfg = Release|Any CPU
		{B84BEC5E-05B8-40CA-AADB-C7077C65FF81}.Release|Any CPU.Build.0 = Release|Any CPU
	EndGlobalSection
	GlobalSection(SolutionProperties) = preSolution
		HideSolutionNode = FALSE
	EndGlobalSection
	GlobalSection(ExtensibilityGlobals) = postSolution
		SolutionGuid = {CFC44659-731D-4F3A-A6BD-1E04E30C8FA4}
	EndGlobalSection
EndGlobal
