
Microsoft Visual Studio Solution File, Format Version 12.00
# Visual Studio Version 16
VisualStudioVersion = 16.0.29025.244
MinimumVisualStudioVersion = 10.0.40219.1
Project("{FAE04EC0-301F-11D3-BF4B-00C04F79EFBC}") = "BooleanWhileDoWhileExercise", "BooleanWhileDoWhileExercise\BooleanWhileDoWhileExercise.csproj", "{5C328350-6000-4D16-B374-2F51E565D1DB}"
EndProject
Global
	GlobalSection(SolutionConfigurationPlatforms) = preSolution
		Debug|Any CPU = Debug|Any CPU
		Release|Any CPU = Release|Any CPU
	EndGlobalSection
	GlobalSection(ProjectConfigurationPlatforms) = postSolution
		{5C328350-6000-4D16-B374-2F51E565D1DB}.Debug|Any CPU.ActiveCfg = Debug|Any CPU
		{5C328350-6000-4D16-B374-2F51E565D1DB}.Debug|Any CPU.Build.0 = Debug|Any CPU
		{5C328350-6000-4D16-B374-2F51E565D1DB}.Release|Any CPU.ActiveCfg = Release|Any CPU
		{5C328350-6000-4D16-B374-2F51E565D1DB}.Release|Any CPU.Build.0 = Release|Any CPU
	EndGlobalSection
	GlobalSection(SolutionProperties) = preSolution
		HideSolutionNode = FALSE
	EndGlobalSection
	GlobalSection(ExtensibilityGlobals) = postSolution
		SolutionGuid = {D4BA42EF-3546-4E94-A4E7-E9BA34AD541D}
	EndGlobalSection
EndGlobal
