
Microsoft Visual Studio Solution File, Format Version 12.00
# Visual Studio Version 16
VisualStudioVersion = 16.0.29102.190
MinimumVisualStudioVersion = 10.0.40219.1
Project("{FAE04EC0-301F-11D3-BF4B-00C04F79EFBC}") = "ClassDrill", "ClassDrill\ClassDrill.csproj", "{2B297977-C33E-4956-A13E-903B092DAD2E}"
EndProject
Global
	GlobalSection(SolutionConfigurationPlatforms) = preSolution
		Debug|Any CPU = Debug|Any CPU
		Release|Any CPU = Release|Any CPU
	EndGlobalSection
	GlobalSection(ProjectConfigurationPlatforms) = postSolution
		{2B297977-C33E-4956-A13E-903B092DAD2E}.Debug|Any CPU.ActiveCfg = Debug|Any CPU
		{2B297977-C33E-4956-A13E-903B092DAD2E}.Debug|Any CPU.Build.0 = Debug|Any CPU
		{2B297977-C33E-4956-A13E-903B092DAD2E}.Release|Any CPU.ActiveCfg = Release|Any CPU
		{2B297977-C33E-4956-A13E-903B092DAD2E}.Release|Any CPU.Build.0 = Release|Any CPU
	EndGlobalSection
	GlobalSection(SolutionProperties) = preSolution
		HideSolutionNode = FALSE
	EndGlobalSection
	GlobalSection(ExtensibilityGlobals) = postSolution
		SolutionGuid = {D3D82C77-7A0E-4A30-B917-53F511E240E4}
	EndGlobalSection
EndGlobal
