
Microsoft Visual Studio Solution File, Format Version 12.00
# Visual Studio Version 16
VisualStudioVersion = 16.0.29025.244
MinimumVisualStudioVersion = 10.0.40219.1
Project("{FAE04EC0-301F-11D3-BF4B-00C04F79EFBC}") = "BooleanLogicExamples", "BooleanLogicExamples\BooleanLogicExamples.csproj", "{BA37155D-4137-4833-8973-CA1872F171E4}"
EndProject
Global
	GlobalSection(SolutionConfigurationPlatforms) = preSolution
		Debug|Any CPU = Debug|Any CPU
		Release|Any CPU = Release|Any CPU
	EndGlobalSection
	GlobalSection(ProjectConfigurationPlatforms) = postSolution
		{BA37155D-4137-4833-8973-CA1872F171E4}.Debug|Any CPU.ActiveCfg = Debug|Any CPU
		{BA37155D-4137-4833-8973-CA1872F171E4}.Debug|Any CPU.Build.0 = Debug|Any CPU
		{BA37155D-4137-4833-8973-CA1872F171E4}.Release|Any CPU.ActiveCfg = Release|Any CPU
		{BA37155D-4137-4833-8973-CA1872F171E4}.Release|Any CPU.Build.0 = Release|Any CPU
	EndGlobalSection
	GlobalSection(SolutionProperties) = preSolution
		HideSolutionNode = FALSE
	EndGlobalSection
	GlobalSection(ExtensibilityGlobals) = postSolution
		SolutionGuid = {AE7DB811-930B-4997-A9D3-EB58F2D4B085}
	EndGlobalSection
EndGlobal
