
Microsoft Visual Studio Solution File, Format Version 12.00
# Visual Studio Version 16
VisualStudioVersion = 16.0.29025.244
MinimumVisualStudioVersion = 10.0.40219.1
Project("{FAE04EC0-301F-11D3-BF4B-00C04F79EFBC}") = "CSharpAssignment", "CSharpAssignment\CSharpAssignment.csproj", "{B29D486B-1070-480E-B670-09EABCD81B7D}"
EndProject
Global
	GlobalSection(SolutionConfigurationPlatforms) = preSolution
		Debug|Any CPU = Debug|Any CPU
		Release|Any CPU = Release|Any CPU
	EndGlobalSection
	GlobalSection(ProjectConfigurationPlatforms) = postSolution
		{B29D486B-1070-480E-B670-09EABCD81B7D}.Debug|Any CPU.ActiveCfg = Debug|Any CPU
		{B29D486B-1070-480E-B670-09EABCD81B7D}.Debug|Any CPU.Build.0 = Debug|Any CPU
		{B29D486B-1070-480E-B670-09EABCD81B7D}.Release|Any CPU.ActiveCfg = Release|Any CPU
		{B29D486B-1070-480E-B670-09EABCD81B7D}.Release|Any CPU.Build.0 = Release|Any CPU
	EndGlobalSection
	GlobalSection(SolutionProperties) = preSolution
		HideSolutionNode = FALSE
	EndGlobalSection
	GlobalSection(ExtensibilityGlobals) = postSolution
		SolutionGuid = {2D6B0B7C-5DF7-40C8-935E-1A667FE93665}
	EndGlobalSection
EndGlobal
