
Microsoft Visual Studio Solution File, Format Version 12.00
# Visual Studio Version 16
VisualStudioVersion = 16.0.29025.244
MinimumVisualStudioVersion = 10.0.40219.1
Project("{FAE04EC0-301F-11D3-BF4B-00C04F79EFBC}") = "MathAndComparisonOperators", "MathAndComparisonOperators\MathAndComparisonOperators.csproj", "{D1D00558-8E0B-4A5B-AE83-0D3AD251E7A6}"
EndProject
Global
	GlobalSection(SolutionConfigurationPlatforms) = preSolution
		Debug|Any CPU = Debug|Any CPU
		Release|Any CPU = Release|Any CPU
	EndGlobalSection
	GlobalSection(ProjectConfigurationPlatforms) = postSolution
		{D1D00558-8E0B-4A5B-AE83-0D3AD251E7A6}.Debug|Any CPU.ActiveCfg = Debug|Any CPU
		{D1D00558-8E0B-4A5B-AE83-0D3AD251E7A6}.Debug|Any CPU.Build.0 = Debug|Any CPU
		{D1D00558-8E0B-4A5B-AE83-0D3AD251E7A6}.Release|Any CPU.ActiveCfg = Release|Any CPU
		{D1D00558-8E0B-4A5B-AE83-0D3AD251E7A6}.Release|Any CPU.Build.0 = Release|Any CPU
	EndGlobalSection
	GlobalSection(SolutionProperties) = preSolution
		HideSolutionNode = FALSE
	EndGlobalSection
	GlobalSection(ExtensibilityGlobals) = postSolution
		SolutionGuid = {484DB807-8D67-4A6E-BB65-59678FB1F768}
	EndGlobalSection
EndGlobal
