
Microsoft Visual Studio Solution File, Format Version 12.00
# Visual Studio Version 16
VisualStudioVersion = 16.0.29102.190
MinimumVisualStudioVersion = 10.0.40219.1
Project("{FAE04EC0-301F-11D3-BF4B-00C04F79EFBC}") = "ConstVariableDrill", "ConstVariableDrill\ConstVariableDrill.csproj", "{F5756AEA-6139-4C98-92D7-2C5061EF7CF1}"
EndProject
Global
	GlobalSection(SolutionConfigurationPlatforms) = preSolution
		Debug|Any CPU = Debug|Any CPU
		Release|Any CPU = Release|Any CPU
	EndGlobalSection
	GlobalSection(ProjectConfigurationPlatforms) = postSolution
		{F5756AEA-6139-4C98-92D7-2C5061EF7CF1}.Debug|Any CPU.ActiveCfg = Debug|Any CPU
		{F5756AEA-6139-4C98-92D7-2C5061EF7CF1}.Debug|Any CPU.Build.0 = Debug|Any CPU
		{F5756AEA-6139-4C98-92D7-2C5061EF7CF1}.Release|Any CPU.ActiveCfg = Release|Any CPU
		{F5756AEA-6139-4C98-92D7-2C5061EF7CF1}.Release|Any CPU.Build.0 = Release|Any CPU
	EndGlobalSection
	GlobalSection(SolutionProperties) = preSolution
		HideSolutionNode = FALSE
	EndGlobalSection
	GlobalSection(ExtensibilityGlobals) = postSolution
		SolutionGuid = {491123FA-0F5B-4A99-923A-DDF3FB6523E0}
	EndGlobalSection
EndGlobal
