
Microsoft Visual Studio Solution File, Format Version 12.00
# Visual Studio Version 16
VisualStudioVersion = 16.0.29025.244
MinimumVisualStudioVersion = 10.0.40219.1
Project("{FAE04EC0-301F-11D3-BF4B-00C04F79EFBC}") = "ArraysAndListsExercise", "ArraysAndListsExercise\ArraysAndListsExercise.csproj", "{F00518CE-1C35-44E0-A214-A64C2C7B878B}"
EndProject
Global
	GlobalSection(SolutionConfigurationPlatforms) = preSolution
		Debug|Any CPU = Debug|Any CPU
		Release|Any CPU = Release|Any CPU
	EndGlobalSection
	GlobalSection(ProjectConfigurationPlatforms) = postSolution
		{F00518CE-1C35-44E0-A214-A64C2C7B878B}.Debug|Any CPU.ActiveCfg = Debug|Any CPU
		{F00518CE-1C35-44E0-A214-A64C2C7B878B}.Debug|Any CPU.Build.0 = Debug|Any CPU
		{F00518CE-1C35-44E0-A214-A64C2C7B878B}.Release|Any CPU.ActiveCfg = Release|Any CPU
		{F00518CE-1C35-44E0-A214-A64C2C7B878B}.Release|Any CPU.Build.0 = Release|Any CPU
	EndGlobalSection
	GlobalSection(SolutionProperties) = preSolution
		HideSolutionNode = FALSE
	EndGlobalSection
	GlobalSection(ExtensibilityGlobals) = postSolution
		SolutionGuid = {75BCA8F5-3548-456B-9CDC-0189D265FE69}
	EndGlobalSection
EndGlobal
