
Microsoft Visual Studio Solution File, Format Version 12.00
# Visual Studio Version 16
VisualStudioVersion = 16.0.29102.190
MinimumVisualStudioVersion = 10.0.40219.1
Project("{FAE04EC0-301F-11D3-BF4B-00C04F79EFBC}") = "ClassMethodDrill3", "ClassMethodDrill3\ClassMethodDrill3.csproj", "{B18491BF-81FE-43C5-9F56-BE778ACE9DF3}"
EndProject
Global
	GlobalSection(SolutionConfigurationPlatforms) = preSolution
		Debug|Any CPU = Debug|Any CPU
		Release|Any CPU = Release|Any CPU
	EndGlobalSection
	GlobalSection(ProjectConfigurationPlatforms) = postSolution
		{B18491BF-81FE-43C5-9F56-BE778ACE9DF3}.Debug|Any CPU.ActiveCfg = Debug|Any CPU
		{B18491BF-81FE-43C5-9F56-BE778ACE9DF3}.Debug|Any CPU.Build.0 = Debug|Any CPU
		{B18491BF-81FE-43C5-9F56-BE778ACE9DF3}.Release|Any CPU.ActiveCfg = Release|Any CPU
		{B18491BF-81FE-43C5-9F56-BE778ACE9DF3}.Release|Any CPU.Build.0 = Release|Any CPU
	EndGlobalSection
	GlobalSection(SolutionProperties) = preSolution
		HideSolutionNode = FALSE
	EndGlobalSection
	GlobalSection(ExtensibilityGlobals) = postSolution
		SolutionGuid = {15FBF244-9973-4FCF-A69D-B4E5BA7F66F5}
	EndGlobalSection
EndGlobal
